
Microsoft Visual Studio Solution File, Format Version 12.00
# Visual Studio 2013
VisualStudioVersion = 12.0.40629.0
MinimumVisualStudioVersion = 10.0.40219.1
Project("{FAE04EC0-301F-11D3-BF4B-00C04F79EFBC}") = "CallForHelp", "CallForHelp\CallForHelp.csproj", "{4219602B-B8AF-4100-A9D7-0E744DB4A148}"
EndProject
Global
	GlobalSection(SolutionConfigurationPlatforms) = preSolution
		Debug|Any CPU = Debug|Any CPU
		Release|Any CPU = Release|Any CPU
	EndGlobalSection
	GlobalSection(ProjectConfigurationPlatforms) = postSolution
		{4219602B-B8AF-4100-A9D7-0E744DB4A148}.Debug|Any CPU.ActiveCfg = Debug|Any CPU
		{4219602B-B8AF-4100-A9D7-0E744DB4A148}.Debug|Any CPU.Build.0 = Debug|Any CPU
		{4219602B-B8AF-4100-A9D7-0E744DB4A148}.Release|Any CPU.ActiveCfg = Release|Any CPU
		{4219602B-B8AF-4100-A9D7-0E744DB4A148}.Release|Any CPU.Build.0 = Release|Any CPU
	EndGlobalSection
	GlobalSection(SolutionProperties) = preSolution
		HideSolutionNode = FALSE
	EndGlobalSection
EndGlobal
